<?xml version="1.0" encoding="utf-8"?>
<Project ToolsVersion="4.0" xmlns="http://schemas.microsoft.com/developer/msbuild/2003">
  <ItemGroup>
    <Filter Include="Source Files">
      <UniqueIdentifier>{4FC737F1-C7A5-4376-A066-2A32D752A2FF}</UniqueIdentifier>
      <Extensions>cpp;c;cc;cxx;c++;cppm;ixx;def;odl;idl;hpj;bat;asm;asmx</Extensions>
    </Filter>
    <Filter Include="Header Files">
      <UniqueIdentifier>{93995380-89BD-4b04-88EB-625FBE52EBFB}</UniqueIdentifier>
      <Extensions>h;hh;hpp;hxx;h++;hm;inl;inc;ipp;xsd</Extensions>
    </Filter>
    <Filter Include="Resource Files">
      <UniqueIdentifier>{67DA6AB6-F800-4c08-8B7A-83BB121AAD01}</UniqueIdentifier>
      <Extensions>rc;ico;cur;bmp;dlg;rc2;rct;bin;rgs;gif;jpg;jpeg;jpe;resx;tiff;tif;png;wav;mfcribbon-ms</Extensions>
    </Filter>
    <Filter Include="Header Files\model">
      <UniqueIdentifier>{780fe8d0-d4a2-4d9b-8a77-bb3e083f9829}</UniqueIdentifier>
    </Filter>
    <Filter Include="Header Files\utils">
      <UniqueIdentifier>{a992402a-a5a3-4c0d-bf28-38e22f93e855}</UniqueIdentifier>
    </Filter>
    <Filter Include="Header Files\controller">
      <UniqueIdentifier>{23424728-e513-43d0-a9ba-b2725818e73b}</UniqueIdentifier>
    </Filter>
    <Filter Include="Header Files\view">
      <UniqueIdentifier>{a22f1152-a49b-48d8-90d6-abec07423ba8}</UniqueIdentifier>
    </Filter>
    <Filter Include="Source Files\model">
      <UniqueIdentifier>{295d5c02-541a-48c8-b6ba-8a77a699fd58}</UniqueIdentifier>
    </Filter>
    <Filter Include="Source Files\view">
      <UniqueIdentifier>{aab1b113-a845-45f6-b8f0-65ad6f222835}</UniqueIdentifier>
    </Filter>
    <Filter Include="Source Files\controller">
      <UniqueIdentifier>{9e6a1d72-ccf6-4c4c-bb28-522101619608}</UniqueIdentifier>
    </Filter>
    <Filter Include="Source Files\utils">
      <UniqueIdentifier>{4f69b403-f243-4c31-8e59-8b47efa3bf07}</UniqueIdentifier>
    </Filter>
  </ItemGroup>
  <ItemGroup>
    <ClCompile Include="UnoCPP.cpp">
      <Filter>Source Files</Filter>
    </ClCompile>
    <ClCompile Include="models\card.cpp">
      <Filter>Source Files\model</Filter>
    </ClCompile>
    <ClCompile Include="models\deck.cpp">
      <Filter>Source Files\model</Filter>
    </ClCompile>
    <ClCompile Include="models\game_state.cpp">
      <Filter>Source Files\model</Filter>
    </ClCompile>
    <ClCompile Include="models\hand.cpp">
      <Filter>Source Files\model</Filter>
    </ClCompile>
    <ClCompile Include="models\player.cpp">
      <Filter>Source Files\model</Filter>
    </ClCompile>
    <ClCompile Include="helpers\stringutils.cpp">
      <Filter>Source Files\utils</Filter>
    </ClCompile>
    <ClCompile Include="view\text_view.cpp">
      <Filter>Source Files\view</Filter>
    </ClCompile>
    <ClCompile Include="controller\controller.cpp">
      <Filter>Source Files\controller</Filter>
    </ClCompile>
    <ClCompile Include="controller\command.cpp">
      <Filter>Source Files\controller</Filter>
    </ClCompile>
    <ClCompile Include="models\lobby_manager.cpp">
      <Filter>Source Files\model</Filter>
    </ClCompile>
  </ItemGroup>
  <ItemGroup>
    <ClInclude Include="UnoCPP.h">
      <Filter>Header Files</Filter>
    </ClInclude>
    <ClInclude Include="models\card.h">
      <Filter>Header Files\model</Filter>
    </ClInclude>
    <ClInclude Include="models\deck.h">
      <Filter>Header Files\model</Filter>
    </ClInclude>
    <ClInclude Include="models\game_state.h">
      <Filter>Header Files\model</Filter>
    </ClInclude>
    <ClInclude Include="models\hand.h">
      <Filter>Header Files\model</Filter>
    </ClInclude>
    <ClInclude Include="models\models.h">
      <Filter>Header Files\model</Filter>
    </ClInclude>
    <ClInclude Include="models\player.h">
      <Filter>Header Files\model</Filter>
    </ClInclude>
    <ClInclude Include="exceptions\exception.h">
      <Filter>Header Files\utils</Filter>
    </ClInclude>
    <ClInclude Include="helpers\stringutils.h">
      <Filter>Header Files\utils</Filter>
    </ClInclude>
    <ClInclude Include="view\text_view.h">
      <Filter>Header Files\view</Filter>
    </ClInclude>
    <ClInclude Include="controller\command.h">
      <Filter>Header Files\controller</Filter>
    </ClInclude>
    <ClInclude Include="controller\controller.h">
      <Filter>Header Files\controller</Filter>
    </ClInclude>
    <ClInclude Include="models\lobby_manager.h">
      <Filter>Header Files\model</Filter>
    </ClInclude>
    <ClInclude Include="controller\tcp_server.h">
      <Filter>Header Files\controller</Filter>
    </ClInclude>
  </ItemGroup>
</Project>